
Microsoft Visual Studio Solution File, Format Version 12.00
# Visual Studio Version 16
VisualStudioVersion = 16.0.29102.190
MinimumVisualStudioVersion = 10.0.40219.1
Project("{FAE04EC0-301F-11D3-BF4B-00C04F79EFBC}") = "3.2.2归并排序", "3.2.2归并排序\3.2.2归并排序.csproj", "{B4962D74-761F-40AE-88DA-166BA3F9673A}"
EndProject
Global
	GlobalSection(SolutionConfigurationPlatforms) = preSolution
		Debug|Any CPU = Debug|Any CPU
		Release|Any CPU = Release|Any CPU
	EndGlobalSection
	GlobalSection(ProjectConfigurationPlatforms) = postSolution
		{B4962D74-761F-40AE-88DA-166BA3F9673A}.Debug|Any CPU.ActiveCfg = Debug|Any CPU
		{B4962D74-761F-40AE-88DA-166BA3F9673A}.Debug|Any CPU.Build.0 = Debug|Any CPU
		{B4962D74-761F-40AE-88DA-166BA3F9673A}.Release|Any CPU.ActiveCfg = Release|Any CPU
		{B4962D74-761F-40AE-88DA-166BA3F9673A}.Release|Any CPU.Build.0 = Release|Any CPU
	EndGlobalSection
	GlobalSection(SolutionProperties) = preSolution
		HideSolutionNode = FALSE
	EndGlobalSection
	GlobalSection(ExtensibilityGlobals) = postSolution
		SolutionGuid = {1F167994-5054-42BC-A056-CD500B97AF41}
	EndGlobalSection
EndGlobal
